
Microsoft Visual Studio Solution File, Format Version 12.00
# Visual Studio Version 17
VisualStudioVersion = 17.14.37411.7
MinimumVisualStudioVersion = 10.0.40219.1
Project("{FAE04EC0-301F-11D3-BF4B-00C04F79EFBC}") = "ECommerceSite", "ECommerceSite.csproj", "{F7CEE214-4275-E588-4994-9D10864D5CE6}"
EndProject
Project("{FAE04EC0-301F-11D3-BF4B-00C04F79EFBC}") = "ECommerceSite.Tests", "..\ECommerceSite.Tests\ECommerceSite.Tests.csproj", "{3D0F1C1A-9C27-48FD-83FB-FAD2BEC73F32}"
EndProject
Global
	GlobalSection(SolutionConfigurationPlatforms) = preSolution
		Debug|Any CPU = Debug|Any CPU
		Debug|x64 = Debug|x64
		Debug|x86 = Debug|x86
		Release|Any CPU = Release|Any CPU
		Release|x64 = Release|x64
		Release|x86 = Release|x86
	EndGlobalSection
	GlobalSection(ProjectConfigurationPlatforms) = postSolution
		{F7CEE214-4275-E588-4994-9D10864D5CE6}.Debug|Any CPU.ActiveCfg = Debug|Any CPU
		{F7CEE214-4275-E588-4994-9D10864D5CE6}.Debug|Any CPU.Build.0 = Debug|Any CPU
		{F7CEE214-4275-E588-4994-9D10864D5CE6}.Debug|x64.ActiveCfg = Debug|Any CPU
		{F7CEE214-4275-E588-4994-9D10864D5CE6}.Debug|x64.Build.0 = Debug|Any CPU
		{F7CEE214-4275-E588-4994-9D10864D5CE6}.Debug|x86.ActiveCfg = Debug|Any CPU
		{F7CEE214-4275-E588-4994-9D10864D5CE6}.Debug|x86.Build.0 = Debug|Any CPU
		{F7CEE214-4275-E588-4994-9D10864D5CE6}.Release|Any CPU.ActiveCfg = Release|Any CPU
		{F7CEE214-4275-E588-4994-9D10864D5CE6}.Release|Any CPU.Build.0 = Release|Any CPU
		{F7CEE214-4275-E588-4994-9D10864D5CE6}.Release|x64.ActiveCfg = Release|Any CPU
		{F7CEE214-4275-E588-4994-9D10864D5CE6}.Release|x64.Build.0 = Release|Any CPU
		{F7CEE214-4275-E588-4994-9D10864D5CE6}.Release|x86.ActiveCfg = Release|Any CPU
		{F7CEE214-4275-E588-4994-9D10864D5CE6}.Release|x86.Build.0 = Release|Any CPU
		{3D0F1C1A-9C27-48FD-83FB-FAD2BEC73F32}.Debug|Any CPU.ActiveCfg = Debug|Any CPU
		{3D0F1C1A-9C27-48FD-83FB-FAD2BEC73F32}.Debug|Any CPU.Build.0 = Debug|Any CPU
		{3D0F1C1A-9C27-48FD-83FB-FAD2BEC73F32}.Debug|x64.ActiveCfg = Debug|Any CPU
		{3D0F1C1A-9C27-48FD-83FB-FAD2BEC73F32}.Debug|x64.Build.0 = Debug|Any CPU
		{3D0F1C1A-9C27-48FD-83FB-FAD2BEC73F32}.Debug|x86.ActiveCfg = Debug|Any CPU
		{3D0F1C1A-9C27-48FD-83FB-FAD2BEC73F32}.Debug|x86.Build.0 = Debug|Any CPU
		{3D0F1C1A-9C27-48FD-83FB-FAD2BEC73F32}.Release|Any CPU.ActiveCfg = Release|Any CPU
		{3D0F1C1A-9C27-48FD-83FB-FAD2BEC73F32}.Release|Any CPU.Build.0 = Release|Any CPU
		{3D0F1C1A-9C27-48FD-83FB-FAD2BEC73F32}.Release|x64.ActiveCfg = Release|Any CPU
		{3D0F1C1A-9C27-48FD-83FB-FAD2BEC73F32}.Release|x64.Build.0 = Release|Any CPU
		{3D0F1C1A-9C27-48FD-83FB-FAD2BEC73F32}.Release|x86.ActiveCfg = Release|Any CPU
		{3D0F1C1A-9C27-48FD-83FB-FAD2BEC73F32}.Release|x86.Build.0 = Release|Any CPU
	EndGlobalSection
	GlobalSection(SolutionProperties) = preSolution
		HideSolutionNode = FALSE
	EndGlobalSection
	GlobalSection(ExtensibilityGlobals) = postSolution
		SolutionGuid = {5EB011DA-2C92-435D-8038-F0413CC75F98}
	EndGlobalSection
EndGlobal
